
Microsoft Visual Studio Solution File, Format Version 12.00
# Visual Studio Version 17
VisualStudioVersion = 17.7.34003.232
MinimumVisualStudioVersion = 10.0.40219.1
Project("{8BC9CEB8-8B4A-11D0-8D11-00A0C91BC942}") = "001_Classes", "001_Classe\001_Classe.vcxproj", "{B44940A7-9679-4FD3-91E1-473DE69B6615}"
EndProject
Project("{8BC9CEB8-8B4A-11D0-8D11-00A0C91BC942}") = "002_Constructors_Destructos", "002_Constructors_Destructos\002_Constructors_Destructos.vcxproj", "{15DE2214-8A81-4EE4-BB49-BFF93F57A24C}"
EndProject
Project("{8BC9CEB8-8B4A-11D0-8D11-00A0C91BC942}") = "002_Practice", "002_Practice\002_Practice.vcxproj", "{01E9259F-D29F-4F40-B3BB-510A426564BB}"
EndProject
Project("{8BC9CEB8-8B4A-11D0-8D11-00A0C91BC942}") = "002_Practsice_2", "002_Practsice_2\002_Practsice_2.vcxproj", "{CEC096A6-88BD-42B7-B968-CC9712513FFE}"
EndProject
Project("{8BC9CEB8-8B4A-11D0-8D11-00A0C91BC942}") = "003_ConstructorCopy", "003_ConstructorCopy\003_ConstructorCopy.vcxproj", "{415370CA-8A90-4268-9BB1-EABD99876648}"
EndProject
Project("{8BC9CEB8-8B4A-11D0-8D11-00A0C91BC942}") = "003_PointerThis", "003_PointerThis\003_PointerThis.vcxproj", "{0106185A-2DFD-4F22-A61A-FF389908DE98}"
EndProject
Project("{8BC9CEB8-8B4A-11D0-8D11-00A0C91BC942}") = "003_Laboratorna", "003_Laboratorna\003_Laboratorna.vcxproj", "{5371D79A-9871-4B25-ABD7-714BF7B0606E}"
EndProject
Project("{8BC9CEB8-8B4A-11D0-8D11-00A0C91BC942}") = "004_Static", "004_Static\004_Static.vcxproj", "{5895E092-68EA-4A86-B9F8-F18E61FC07EB}"
EndProject
Project("{8BC9CEB8-8B4A-11D0-8D11-00A0C91BC942}") = "004_OperatorsOverloading", "004_OperatorsOverloading\004_OperatorsOverloading.vcxproj", "{1615E2AB-7985-47D8-8990-79D42DD927F5}"
EndProject
Project("{8BC9CEB8-8B4A-11D0-8D11-00A0C91BC942}") = "004_Fraction", "004_Fraction\004_Fraction.vcxproj", "{6E8F5557-0526-4B1A-B422-821D73740520}"
EndProject
Project("{8BC9CEB8-8B4A-11D0-8D11-00A0C91BC942}") = "005_String", "005_String\005_String.vcxproj", "{49B639ED-8F36-4366-8566-8B925BE8D1BD}"
EndProject
Project("{8BC9CEB8-8B4A-11D0-8D11-00A0C91BC942}") = "006_TemplateFunctions", "006_TemplateFunctions\006_TemplateFunctions.vcxproj", "{CB892D9B-9E75-4084-B385-6413EDAB2458}"
EndProject
Project("{8BC9CEB8-8B4A-11D0-8D11-00A0C91BC942}") = "006_TemplateClasses", "006_TemplateClasses\006_TemplateClasses.vcxproj", "{2CB0C9AC-E080-4598-AC35-67A2AC7E566B}"
EndProject
Project("{8BC9CEB8-8B4A-11D0-8D11-00A0C91BC942}") = "006_TemplateVector", "006_TemplateVector\006_TemplateVector.vcxproj", "{58EF69B3-2D5D-40AB-9F9E-B027FB0CE034}"
EndProject
Project("{8BC9CEB8-8B4A-11D0-8D11-00A0C91BC942}") = "006_TemplateMath", "006_TemplateMath\006_TemplateMath.vcxproj", "{E8AB8DB9-1E12-4C34-9FC5-1D5ABFCA699A}"
EndProject
Project("{8BC9CEB8-8B4A-11D0-8D11-00A0C91BC942}") = "007_String", "007_String\007_String.vcxproj", "{7A6BEB4C-9C3F-42A5-96FA-951E605C2D91}"
EndProject
Project("{8BC9CEB8-8B4A-11D0-8D11-00A0C91BC942}") = "007_SingleLinkedList", "007_SingleLinkedList\007_SingleLinkedList.vcxproj", "{A8B22801-6791-422B-A78C-7AD0A00059EB}"
EndProject
Project("{8BC9CEB8-8B4A-11D0-8D11-00A0C91BC942}") = "008_DoubleLinkedList", "008_DoubleLinkedList\008_DoubleLinkedList.vcxproj", "{3DDBCCCF-6729-46C9-83C7-E95607EF62FE}"
EndProject
Project("{8BC9CEB8-8B4A-11D0-8D11-00A0C91BC942}") = "009_Stack", "009_Stack\009_Stack.vcxproj", "{277330D9-9BFF-456A-BEC0-D5232878BF7E}"
EndProject
Project("{8BC9CEB8-8B4A-11D0-8D11-00A0C91BC942}") = "009_StackTemplate", "009_StackTemplate\009_StackTemplate.vcxproj", "{917AF8F0-E4E9-42BA-8C61-81CF0CB0C377}"
EndProject
Project("{8BC9CEB8-8B4A-11D0-8D11-00A0C91BC942}") = "009_Queue", "009_Queue\009_Queue.vcxproj", "{9D8D33E8-F8D4-4AF8-8FDF-815BD5DC9CC2}"
EndProject
Project("{8BC9CEB8-8B4A-11D0-8D11-00A0C91BC942}") = "009_RingQueue", "009_RingQueue\009_RingQueue.vcxproj", "{588B0F6E-BA5E-4DA9-9278-834AA6CE77C8}"
EndProject
Project("{8BC9CEB8-8B4A-11D0-8D11-00A0C91BC942}") = "010_PriorityQueue", "010_PriorityQueue\010_PriorityQueue.vcxproj", "{BA702053-A404-4E24-BB5E-690B20D51289}"
EndProject
Project("{8BC9CEB8-8B4A-11D0-8D11-00A0C91BC942}") = "010_PriorityQueueTemplate", "010_PriorityQueueTemplate\010_PriorityQueueTemplate.vcxproj", "{7F1B8234-6052-4A13-B7D0-FC9ADFDB6490}"
EndProject
Project("{8BC9CEB8-8B4A-11D0-8D11-00A0C91BC942}") = "011_BinaryTree", "011_BinaryTree\011_BinaryTree.vcxproj", "{BBC740B0-3C4E-40E2-82D9-29029F60A793}"
EndProject
Project("{8BC9CEB8-8B4A-11D0-8D11-00A0C91BC942}") = "011_BinaryTreePractice", "011_BinaryTreePractice\011_BinaryTreePractice.vcxproj", "{3D15C91D-89CE-40DC-8B77-BBCBC3967EF9}"
EndProject
Global
	GlobalSection(SolutionConfigurationPlatforms) = preSolution
		Debug|x64 = Debug|x64
		Debug|x86 = Debug|x86
		Release|x64 = Release|x64
		Release|x86 = Release|x86
	EndGlobalSection
	GlobalSection(ProjectConfigurationPlatforms) = postSolution
		{B44940A7-9679-4FD3-91E1-473DE69B6615}.Debug|x64.ActiveCfg = Debug|x64
		{B44940A7-9679-4FD3-91E1-473DE69B6615}.Debug|x64.Build.0 = Debug|x64
		{B44940A7-9679-4FD3-91E1-473DE69B6615}.Debug|x86.ActiveCfg = Debug|Win32
		{B44940A7-9679-4FD3-91E1-473DE69B6615}.Debug|x86.Build.0 = Debug|Win32
		{B44940A7-9679-4FD3-91E1-473DE69B6615}.Release|x64.ActiveCfg = Release|x64
		{B44940A7-9679-4FD3-91E1-473DE69B6615}.Release|x64.Build.0 = Release|x64
		{B44940A7-9679-4FD3-91E1-473DE69B6615}.Release|x86.ActiveCfg = Release|Win32
		{B44940A7-9679-4FD3-91E1-473DE69B6615}.Release|x86.Build.0 = Release|Win32
		{15DE2214-8A81-4EE4-BB49-BFF93F57A24C}.Debug|x64.ActiveCfg = Debug|x64
		{15DE2214-8A81-4EE4-BB49-BFF93F57A24C}.Debug|x64.Build.0 = Debug|x64
		{15DE2214-8A81-4EE4-BB49-BFF93F57A24C}.Debug|x86.ActiveCfg = Debug|Win32
		{15DE2214-8A81-4EE4-BB49-BFF93F57A24C}.Debug|x86.Build.0 = Debug|Win32
		{15DE2214-8A81-4EE4-BB49-BFF93F57A24C}.Release|x64.ActiveCfg = Release|x64
		{15DE2214-8A81-4EE4-BB49-BFF93F57A24C}.Release|x64.Build.0 = Release|x64
		{15DE2214-8A81-4EE4-BB49-BFF93F57A24C}.Release|x86.ActiveCfg = Release|Win32
		{15DE2214-8A81-4EE4-BB49-BFF93F57A24C}.Release|x86.Build.0 = Release|Win32
		{01E9259F-D29F-4F40-B3BB-510A426564BB}.Debug|x64.ActiveCfg = Debug|x64
		{01E9259F-D29F-4F40-B3BB-510A426564BB}.Debug|x64.Build.0 = Debug|x64
		{01E9259F-D29F-4F40-B3BB-510A426564BB}.Debug|x86.ActiveCfg = Debug|Win32
		{01E9259F-D29F-4F40-B3BB-510A426564BB}.Debug|x86.Build.0 = Debug|Win32
		{01E9259F-D29F-4F40-B3BB-510A426564BB}.Release|x64.ActiveCfg = Release|x64
		{01E9259F-D29F-4F40-B3BB-510A426564BB}.Release|x64.Build.0 = Release|x64
		{01E9259F-D29F-4F40-B3BB-510A426564BB}.Release|x86.ActiveCfg = Release|Win32
		{01E9259F-D29F-4F40-B3BB-510A426564BB}.Release|x86.Build.0 = Release|Win32
		{CEC096A6-88BD-42B7-B968-CC9712513FFE}.Debug|x64.ActiveCfg = Debug|x64
		{CEC096A6-88BD-42B7-B968-CC9712513FFE}.Debug|x64.Build.0 = Debug|x64
		{CEC096A6-88BD-42B7-B968-CC9712513FFE}.Debug|x86.ActiveCfg = Debug|Win32
		{CEC096A6-88BD-42B7-B968-CC9712513FFE}.Debug|x86.Build.0 = Debug|Win32
		{CEC096A6-88BD-42B7-B968-CC9712513FFE}.Release|x64.ActiveCfg = Release|x64
		{CEC096A6-88BD-42B7-B968-CC9712513FFE}.Release|x64.Build.0 = Release|x64
		{CEC096A6-88BD-42B7-B968-CC9712513FFE}.Release|x86.ActiveCfg = Release|Win32
		{CEC096A6-88BD-42B7-B968-CC9712513FFE}.Release|x86.Build.0 = Release|Win32
		{415370CA-8A90-4268-9BB1-EABD99876648}.Debug|x64.ActiveCfg = Debug|x64
		{415370CA-8A90-4268-9BB1-EABD99876648}.Debug|x64.Build.0 = Debug|x64
		{415370CA-8A90-4268-9BB1-EABD99876648}.Debug|x86.ActiveCfg = Debug|Win32
		{415370CA-8A90-4268-9BB1-EABD99876648}.Debug|x86.Build.0 = Debug|Win32
		{415370CA-8A90-4268-9BB1-EABD99876648}.Release|x64.ActiveCfg = Release|x64
		{415370CA-8A90-4268-9BB1-EABD99876648}.Release|x64.Build.0 = Release|x64
		{415370CA-8A90-4268-9BB1-EABD99876648}.Release|x86.ActiveCfg = Release|Win32
		{415370CA-8A90-4268-9BB1-EABD99876648}.Release|x86.Build.0 = Release|Win32
		{0106185A-2DFD-4F22-A61A-FF389908DE98}.Debug|x64.ActiveCfg = Debug|x64
		{0106185A-2DFD-4F22-A61A-FF389908DE98}.Debug|x64.Build.0 = Debug|x64
		{0106185A-2DFD-4F22-A61A-FF389908DE98}.Debug|x86.ActiveCfg = Debug|Win32
		{0106185A-2DFD-4F22-A61A-FF389908DE98}.Debug|x86.Build.0 = Debug|Win32
		{0106185A-2DFD-4F22-A61A-FF389908DE98}.Release|x64.ActiveCfg = Release|x64
		{0106185A-2DFD-4F22-A61A-FF389908DE98}.Release|x64.Build.0 = Release|x64
		{0106185A-2DFD-4F22-A61A-FF389908DE98}.Release|x86.ActiveCfg = Release|Win32
		{0106185A-2DFD-4F22-A61A-FF389908DE98}.Release|x86.Build.0 = Release|Win32
		{5371D79A-9871-4B25-ABD7-714BF7B0606E}.Debug|x64.ActiveCfg = Debug|x64
		{5371D79A-9871-4B25-ABD7-714BF7B0606E}.Debug|x64.Build.0 = Debug|x64
		{5371D79A-9871-4B25-ABD7-714BF7B0606E}.Debug|x86.ActiveCfg = Debug|Win32
		{5371D79A-9871-4B25-ABD7-714BF7B0606E}.Debug|x86.Build.0 = Debug|Win32
		{5371D79A-9871-4B25-ABD7-714BF7B0606E}.Release|x64.ActiveCfg = Release|x64
		{5371D79A-9871-4B25-ABD7-714BF7B0606E}.Release|x64.Build.0 = Release|x64
		{5371D79A-9871-4B25-ABD7-714BF7B0606E}.Release|x86.ActiveCfg = Release|Win32
		{5371D79A-9871-4B25-ABD7-714BF7B0606E}.Release|x86.Build.0 = Release|Win32
		{5895E092-68EA-4A86-B9F8-F18E61FC07EB}.Debug|x64.ActiveCfg = Debug|x64
		{5895E092-68EA-4A86-B9F8-F18E61FC07EB}.Debug|x64.Build.0 = Debug|x64
		{5895E092-68EA-4A86-B9F8-F18E61FC07EB}.Debug|x86.ActiveCfg = Debug|Win32
		{5895E092-68EA-4A86-B9F8-F18E61FC07EB}.Debug|x86.Build.0 = Debug|Win32
		{5895E092-68EA-4A86-B9F8-F18E61FC07EB}.Release|x64.ActiveCfg = Release|x64
		{5895E092-68EA-4A86-B9F8-F18E61FC07EB}.Release|x64.Build.0 = Release|x64
		{5895E092-68EA-4A86-B9F8-F18E61FC07EB}.Release|x86.ActiveCfg = Release|Win32
		{5895E092-68EA-4A86-B9F8-F18E61FC07EB}.Release|x86.Build.0 = Release|Win32
		{1615E2AB-7985-47D8-8990-79D42DD927F5}.Debug|x64.ActiveCfg = Debug|x64
		{1615E2AB-7985-47D8-8990-79D42DD927F5}.Debug|x64.Build.0 = Debug|x64
		{1615E2AB-7985-47D8-8990-79D42DD927F5}.Debug|x86.ActiveCfg = Debug|Win32
		{1615E2AB-7985-47D8-8990-79D42DD927F5}.Debug|x86.Build.0 = Debug|Win32
		{1615E2AB-7985-47D8-8990-79D42DD927F5}.Release|x64.ActiveCfg = Release|x64
		{1615E2AB-7985-47D8-8990-79D42DD927F5}.Release|x64.Build.0 = Release|x64
		{1615E2AB-7985-47D8-8990-79D42DD927F5}.Release|x86.ActiveCfg = Release|Win32
		{1615E2AB-7985-47D8-8990-79D42DD927F5}.Release|x86.Build.0 = Release|Win32
		{6E8F5557-0526-4B1A-B422-821D73740520}.Debug|x64.ActiveCfg = Debug|x64
		{6E8F5557-0526-4B1A-B422-821D73740520}.Debug|x64.Build.0 = Debug|x64
		{6E8F5557-0526-4B1A-B422-821D73740520}.Debug|x86.ActiveCfg = Debug|Win32
		{6E8F5557-0526-4B1A-B422-821D73740520}.Debug|x86.Build.0 = Debug|Win32
		{6E8F5557-0526-4B1A-B422-821D73740520}.Release|x64.ActiveCfg = Release|x64
		{6E8F5557-0526-4B1A-B422-821D73740520}.Release|x64.Build.0 = Release|x64
		{6E8F5557-0526-4B1A-B422-821D73740520}.Release|x86.ActiveCfg = Release|Win32
		{6E8F5557-0526-4B1A-B422-821D73740520}.Release|x86.Build.0 = Release|Win32
		{49B639ED-8F36-4366-8566-8B925BE8D1BD}.Debug|x64.ActiveCfg = Debug|x64
		{49B639ED-8F36-4366-8566-8B925BE8D1BD}.Debug|x64.Build.0 = Debug|x64
		{49B639ED-8F36-4366-8566-8B925BE8D1BD}.Debug|x86.ActiveCfg = Debug|Win32
		{49B639ED-8F36-4366-8566-8B925BE8D1BD}.Debug|x86.Build.0 = Debug|Win32
		{49B639ED-8F36-4366-8566-8B925BE8D1BD}.Release|x64.ActiveCfg = Release|x64
		{49B639ED-8F36-4366-8566-8B925BE8D1BD}.Release|x64.Build.0 = Release|x64
		{49B639ED-8F36-4366-8566-8B925BE8D1BD}.Release|x86.ActiveCfg = Release|Win32
		{49B639ED-8F36-4366-8566-8B925BE8D1BD}.Release|x86.Build.0 = Release|Win32
		{CB892D9B-9E75-4084-B385-6413EDAB2458}.Debug|x64.ActiveCfg = Debug|x64
		{CB892D9B-9E75-4084-B385-6413EDAB2458}.Debug|x64.Build.0 = Debug|x64
		{CB892D9B-9E75-4084-B385-6413EDAB2458}.Debug|x86.ActiveCfg = Debug|Win32
		{CB892D9B-9E75-4084-B385-6413EDAB2458}.Debug|x86.Build.0 = Debug|Win32
		{CB892D9B-9E75-4084-B385-6413EDAB2458}.Release|x64.ActiveCfg = Release|x64
		{CB892D9B-9E75-4084-B385-6413EDAB2458}.Release|x64.Build.0 = Release|x64
		{CB892D9B-9E75-4084-B385-6413EDAB2458}.Release|x86.ActiveCfg = Release|Win32
		{CB892D9B-9E75-4084-B385-6413EDAB2458}.Release|x86.Build.0 = Release|Win32
		{2CB0C9AC-E080-4598-AC35-67A2AC7E566B}.Debug|x64.ActiveCfg = Debug|x64
		{2CB0C9AC-E080-4598-AC35-67A2AC7E566B}.Debug|x64.Build.0 = Debug|x64
		{2CB0C9AC-E080-4598-AC35-67A2AC7E566B}.Debug|x86.ActiveCfg = Debug|Win32
		{2CB0C9AC-E080-4598-AC35-67A2AC7E566B}.Debug|x86.Build.0 = Debug|Win32
		{2CB0C9AC-E080-4598-AC35-67A2AC7E566B}.Release|x64.ActiveCfg = Release|x64
		{2CB0C9AC-E080-4598-AC35-67A2AC7E566B}.Release|x64.Build.0 = Release|x64
		{2CB0C9AC-E080-4598-AC35-67A2AC7E566B}.Release|x86.ActiveCfg = Release|Win32
		{2CB0C9AC-E080-4598-AC35-67A2AC7E566B}.Release|x86.Build.0 = Release|Win32
		{58EF69B3-2D5D-40AB-9F9E-B027FB0CE034}.Debug|x64.ActiveCfg = Debug|x64
		{58EF69B3-2D5D-40AB-9F9E-B027FB0CE034}.Debug|x64.Build.0 = Debug|x64
		{58EF69B3-2D5D-40AB-9F9E-B027FB0CE034}.Debug|x86.ActiveCfg = Debug|Win32
		{58EF69B3-2D5D-40AB-9F9E-B027FB0CE034}.Debug|x86.Build.0 = Debug|Win32
		{58EF69B3-2D5D-40AB-9F9E-B027FB0CE034}.Release|x64.ActiveCfg = Release|x64
		{58EF69B3-2D5D-40AB-9F9E-B027FB0CE034}.Release|x64.Build.0 = Release|x64
		{58EF69B3-2D5D-40AB-9F9E-B027FB0CE034}.Release|x86.ActiveCfg = Release|Win32
		{58EF69B3-2D5D-40AB-9F9E-B027FB0CE034}.Release|x86.Build.0 = Release|Win32
		{E8AB8DB9-1E12-4C34-9FC5-1D5ABFCA699A}.Debug|x64.ActiveCfg = Debug|x64
		{E8AB8DB9-1E12-4C34-9FC5-1D5ABFCA699A}.Debug|x64.Build.0 = Debug|x64
		{E8AB8DB9-1E12-4C34-9FC5-1D5ABFCA699A}.Debug|x86.ActiveCfg = Debug|Win32
		{E8AB8DB9-1E12-4C34-9FC5-1D5ABFCA699A}.Debug|x86.Build.0 = Debug|Win32
		{E8AB8DB9-1E12-4C34-9FC5-1D5ABFCA699A}.Release|x64.ActiveCfg = Release|x64
		{E8AB8DB9-1E12-4C34-9FC5-1D5ABFCA699A}.Release|x64.Build.0 = Release|x64
		{E8AB8DB9-1E12-4C34-9FC5-1D5ABFCA699A}.Release|x86.ActiveCfg = Release|Win32
		{E8AB8DB9-1E12-4C34-9FC5-1D5ABFCA699A}.Release|x86.Build.0 = Release|Win32
		{7A6BEB4C-9C3F-42A5-96FA-951E605C2D91}.Debug|x64.ActiveCfg = Debug|x64
		{7A6BEB4C-9C3F-42A5-96FA-951E605C2D91}.Debug|x64.Build.0 = Debug|x64
		{7A6BEB4C-9C3F-42A5-96FA-951E605C2D91}.Debug|x86.ActiveCfg = Debug|Win32
		{7A6BEB4C-9C3F-42A5-96FA-951E605C2D91}.Debug|x86.Build.0 = Debug|Win32
		{7A6BEB4C-9C3F-42A5-96FA-951E605C2D91}.Release|x64.ActiveCfg = Release|x64
		{7A6BEB4C-9C3F-42A5-96FA-951E605C2D91}.Release|x64.Build.0 = Release|x64
		{7A6BEB4C-9C3F-42A5-96FA-951E605C2D91}.Release|x86.ActiveCfg = Release|Win32
		{7A6BEB4C-9C3F-42A5-96FA-951E605C2D91}.Release|x86.Build.0 = Release|Win32
		{A8B22801-6791-422B-A78C-7AD0A00059EB}.Debug|x64.ActiveCfg = Debug|x64
		{A8B22801-6791-422B-A78C-7AD0A00059EB}.Debug|x64.Build.0 = Debug|x64
		{A8B22801-6791-422B-A78C-7AD0A00059EB}.Debug|x86.ActiveCfg = Debug|Win32
		{A8B22801-6791-422B-A78C-7AD0A00059EB}.Debug|x86.Build.0 = Debug|Win32
		{A8B22801-6791-422B-A78C-7AD0A00059EB}.Release|x64.ActiveCfg = Release|x64
		{A8B22801-6791-422B-A78C-7AD0A00059EB}.Release|x64.Build.0 = Release|x64
		{A8B22801-6791-422B-A78C-7AD0A00059EB}.Release|x86.ActiveCfg = Release|Win32
		{A8B22801-6791-422B-A78C-7AD0A00059EB}.Release|x86.Build.0 = Release|Win32
		{3DDBCCCF-6729-46C9-83C7-E95607EF62FE}.Debug|x64.ActiveCfg = Debug|x64
		{3DDBCCCF-6729-46C9-83C7-E95607EF62FE}.Debug|x64.Build.0 = Debug|x64
		{3DDBCCCF-6729-46C9-83C7-E95607EF62FE}.Debug|x86.ActiveCfg = Debug|Win32
		{3DDBCCCF-6729-46C9-83C7-E95607EF62FE}.Debug|x86.Build.0 = Debug|Win32
		{3DDBCCCF-6729-46C9-83C7-E95607EF62FE}.Release|x64.ActiveCfg = Release|x64
		{3DDBCCCF-6729-46C9-83C7-E95607EF62FE}.Release|x64.Build.0 = Release|x64
		{3DDBCCCF-6729-46C9-83C7-E95607EF62FE}.Release|x86.ActiveCfg = Release|Win32
		{3DDBCCCF-6729-46C9-83C7-E95607EF62FE}.Release|x86.Build.0 = Release|Win32
		{277330D9-9BFF-456A-BEC0-D5232878BF7E}.Debug|x64.ActiveCfg = Debug|x64
		{277330D9-9BFF-456A-BEC0-D5232878BF7E}.Debug|x64.Build.0 = Debug|x64
		{277330D9-9BFF-456A-BEC0-D5232878BF7E}.Debug|x86.ActiveCfg = Debug|Win32
		{277330D9-9BFF-456A-BEC0-D5232878BF7E}.Debug|x86.Build.0 = Debug|Win32
		{277330D9-9BFF-456A-BEC0-D5232878BF7E}.Release|x64.ActiveCfg = Release|x64
		{277330D9-9BFF-456A-BEC0-D5232878BF7E}.Release|x64.Build.0 = Release|x64
		{277330D9-9BFF-456A-BEC0-D5232878BF7E}.Release|x86.ActiveCfg = Release|Win32
		{277330D9-9BFF-456A-BEC0-D5232878BF7E}.Release|x86.Build.0 = Release|Win32
		{917AF8F0-E4E9-42BA-8C61-81CF0CB0C377}.Debug|x64.ActiveCfg = Debug|x64
		{917AF8F0-E4E9-42BA-8C61-81CF0CB0C377}.Debug|x64.Build.0 = Debug|x64
		{917AF8F0-E4E9-42BA-8C61-81CF0CB0C377}.Debug|x86.ActiveCfg = Debug|Win32
		{917AF8F0-E4E9-42BA-8C61-81CF0CB0C377}.Debug|x86.Build.0 = Debug|Win32
		{917AF8F0-E4E9-42BA-8C61-81CF0CB0C377}.Release|x64.ActiveCfg = Release|x64
		{917AF8F0-E4E9-42BA-8C61-81CF0CB0C377}.Release|x64.Build.0 = Release|x64
		{917AF8F0-E4E9-42BA-8C61-81CF0CB0C377}.Release|x86.ActiveCfg = Release|Win32
		{917AF8F0-E4E9-42BA-8C61-81CF0CB0C377}.Release|x86.Build.0 = Release|Win32
		{9D8D33E8-F8D4-4AF8-8FDF-815BD5DC9CC2}.Debug|x64.ActiveCfg = Debug|x64
		{9D8D33E8-F8D4-4AF8-8FDF-815BD5DC9CC2}.Debug|x64.Build.0 = Debug|x64
		{9D8D33E8-F8D4-4AF8-8FDF-815BD5DC9CC2}.Debug|x86.ActiveCfg = Debug|Win32
		{9D8D33E8-F8D4-4AF8-8FDF-815BD5DC9CC2}.Debug|x86.Build.0 = Debug|Win32
		{9D8D33E8-F8D4-4AF8-8FDF-815BD5DC9CC2}.Release|x64.ActiveCfg = Release|x64
		{9D8D33E8-F8D4-4AF8-8FDF-815BD5DC9CC2}.Release|x64.Build.0 = Release|x64
		{9D8D33E8-F8D4-4AF8-8FDF-815BD5DC9CC2}.Release|x86.ActiveCfg = Release|Win32
		{9D8D33E8-F8D4-4AF8-8FDF-815BD5DC9CC2}.Release|x86.Build.0 = Release|Win32
		{588B0F6E-BA5E-4DA9-9278-834AA6CE77C8}.Debug|x64.ActiveCfg = Debug|x64
		{588B0F6E-BA5E-4DA9-9278-834AA6CE77C8}.Debug|x64.Build.0 = Debug|x64
		{588B0F6E-BA5E-4DA9-9278-834AA6CE77C8}.Debug|x86.ActiveCfg = Debug|Win32
		{588B0F6E-BA5E-4DA9-9278-834AA6CE77C8}.Debug|x86.Build.0 = Debug|Win32
		{588B0F6E-BA5E-4DA9-9278-834AA6CE77C8}.Release|x64.ActiveCfg = Release|x64
		{588B0F6E-BA5E-4DA9-9278-834AA6CE77C8}.Release|x64.Build.0 = Release|x64
		{588B0F6E-BA5E-4DA9-9278-834AA6CE77C8}.Release|x86.ActiveCfg = Release|Win32
		{588B0F6E-BA5E-4DA9-9278-834AA6CE77C8}.Release|x86.Build.0 = Release|Win32
		{BA702053-A404-4E24-BB5E-690B20D51289}.Debug|x64.ActiveCfg = Debug|x64
		{BA702053-A404-4E24-BB5E-690B20D51289}.Debug|x64.Build.0 = Debug|x64
		{BA702053-A404-4E24-BB5E-690B20D51289}.Debug|x86.ActiveCfg = Debug|Win32
		{BA702053-A404-4E24-BB5E-690B20D51289}.Debug|x86.Build.0 = Debug|Win32
		{BA702053-A404-4E24-BB5E-690B20D51289}.Release|x64.ActiveCfg = Release|x64
		{BA702053-A404-4E24-BB5E-690B20D51289}.Release|x64.Build.0 = Release|x64
		{BA702053-A404-4E24-BB5E-690B20D51289}.Release|x86.ActiveCfg = Release|Win32
		{BA702053-A404-4E24-BB5E-690B20D51289}.Release|x86.Build.0 = Release|Win32
		{7F1B8234-6052-4A13-B7D0-FC9ADFDB6490}.Debug|x64.ActiveCfg = Debug|x64
		{7F1B8234-6052-4A13-B7D0-FC9ADFDB6490}.Debug|x64.Build.0 = Debug|x64
		{7F1B8234-6052-4A13-B7D0-FC9ADFDB6490}.Debug|x86.ActiveCfg = Debug|Win32
		{7F1B8234-6052-4A13-B7D0-FC9ADFDB6490}.Debug|x86.Build.0 = Debug|Win32
		{7F1B8234-6052-4A13-B7D0-FC9ADFDB6490}.Release|x64.ActiveCfg = Release|x64
		{7F1B8234-6052-4A13-B7D0-FC9ADFDB6490}.Release|x64.Build.0 = Release|x64
		{7F1B8234-6052-4A13-B7D0-FC9ADFDB6490}.Release|x86.ActiveCfg = Release|Win32
		{7F1B8234-6052-4A13-B7D0-FC9ADFDB6490}.Release|x86.Build.0 = Release|Win32
		{BBC740B0-3C4E-40E2-82D9-29029F60A793}.Debug|x64.ActiveCfg = Debug|x64
		{BBC740B0-3C4E-40E2-82D9-29029F60A793}.Debug|x64.Build.0 = Debug|x64
		{BBC740B0-3C4E-40E2-82D9-29029F60A793}.Debug|x86.ActiveCfg = Debug|Win32
		{BBC740B0-3C4E-40E2-82D9-29029F60A793}.Debug|x86.Build.0 = Debug|Win32
		{BBC740B0-3C4E-40E2-82D9-29029F60A793}.Release|x64.ActiveCfg = Release|x64
		{BBC740B0-3C4E-40E2-82D9-29029F60A793}.Release|x64.Build.0 = Release|x64
		{BBC740B0-3C4E-40E2-82D9-29029F60A793}.Release|x86.ActiveCfg = Release|Win32
		{BBC740B0-3C4E-40E2-82D9-29029F60A793}.Release|x86.Build.0 = Release|Win32
		{3D15C91D-89CE-40DC-8B77-BBCBC3967EF9}.Debug|x64.ActiveCfg = Debug|x64
		{3D15C91D-89CE-40DC-8B77-BBCBC3967EF9}.Debug|x64.Build.0 = Debug|x64
		{3D15C91D-89CE-40DC-8B77-BBCBC3967EF9}.Debug|x86.ActiveCfg = Debug|Win32
		{3D15C91D-89CE-40DC-8B77-BBCBC3967EF9}.Debug|x86.Build.0 = Debug|Win32
		{3D15C91D-89CE-40DC-8B77-BBCBC3967EF9}.Release|x64.ActiveCfg = Release|x64
		{3D15C91D-89CE-40DC-8B77-BBCBC3967EF9}.Release|x64.Build.0 = Release|x64
		{3D15C91D-89CE-40DC-8B77-BBCBC3967EF9}.Release|x86.ActiveCfg = Release|Win32
		{3D15C91D-89CE-40DC-8B77-BBCBC3967EF9}.Release|x86.Build.0 = Release|Win32
	EndGlobalSection
	GlobalSection(SolutionProperties) = preSolution
		HideSolutionNode = FALSE
	EndGlobalSection
	GlobalSection(ExtensibilityGlobals) = postSolution
		SolutionGuid = {3AA1FC6A-4A48-43FF-930A-0040E0594563}
	EndGlobalSection
EndGlobal
